
Microsoft Visual Studio Solution File, Format Version 12.00
# Visual Studio Version 17
VisualStudioVersion = 17.0.31912.275
MinimumVisualStudioVersion = 10.0.40219.1
Project("{FAE04EC0-301F-11D3-BF4B-00C04F79EFBC}") = "cooky", "cooky\cooky.csproj", "{04ABD893-8C07-4E03-9E53-03E3F00CE74F}"
EndProject
Project("{FAE04EC0-301F-11D3-BF4B-00C04F79EFBC}") = "Domain", "Domain\Domain.csproj", "{BD58F52D-1955-47C4-9497-CC6001D5FA17}"
EndProject
Project("{FAE04EC0-301F-11D3-BF4B-00C04F79EFBC}") = "Services", "Services\Services.csproj", "{7913191B-A75B-4641-88C7-31967644C45A}"
EndProject
Global
	GlobalSection(SolutionConfigurationPlatforms) = preSolution
		Debug|Any CPU = Debug|Any CPU
		Release|Any CPU = Release|Any CPU
	EndGlobalSection
	GlobalSection(ProjectConfigurationPlatforms) = postSolution
		{04ABD893-8C07-4E03-9E53-03E3F00CE74F}.Debug|Any CPU.ActiveCfg = Debug|Any CPU
		{04ABD893-8C07-4E03-9E53-03E3F00CE74F}.Debug|Any CPU.Build.0 = Debug|Any CPU
		{04ABD893-8C07-4E03-9E53-03E3F00CE74F}.Release|Any CPU.ActiveCfg = Release|Any CPU
		{04ABD893-8C07-4E03-9E53-03E3F00CE74F}.Release|Any CPU.Build.0 = Release|Any CPU
		{BD58F52D-1955-47C4-9497-CC6001D5FA17}.Debug|Any CPU.ActiveCfg = Debug|Any CPU
		{BD58F52D-1955-47C4-9497-CC6001D5FA17}.Debug|Any CPU.Build.0 = Debug|Any CPU
		{BD58F52D-1955-47C4-9497-CC6001D5FA17}.Release|Any CPU.ActiveCfg = Release|Any CPU
		{BD58F52D-1955-47C4-9497-CC6001D5FA17}.Release|Any CPU.Build.0 = Release|Any CPU
		{7913191B-A75B-4641-88C7-31967644C45A}.Debug|Any CPU.ActiveCfg = Debug|Any CPU
		{7913191B-A75B-4641-88C7-31967644C45A}.Debug|Any CPU.Build.0 = Debug|Any CPU
		{7913191B-A75B-4641-88C7-31967644C45A}.Release|Any CPU.ActiveCfg = Release|Any CPU
		{7913191B-A75B-4641-88C7-31967644C45A}.Release|Any CPU.Build.0 = Release|Any CPU
	EndGlobalSection
	GlobalSection(SolutionProperties) = preSolution
		HideSolutionNode = FALSE
	EndGlobalSection
	GlobalSection(ExtensibilityGlobals) = postSolution
		SolutionGuid = {12FB4EB9-5C1C-44F2-8B1B-FE5790055C69}
	EndGlobalSection
EndGlobal
